
Microsoft Visual Studio Solution File, Format Version 12.00
Project("{F2A71F9B-5D33-465A-A702-920D77279786}") = "LongRunningOperation", "LongRunningOperation\LongRunningOperation.fsproj", "{EE105206-92F9-40C0-9558-47D764ADBE09}"
EndProject
Project("{FAE04EC0-301F-11D3-BF4B-00C04F79EFBC}") = "RunnerCs", "RunnerCs\RunnerCs.csproj", "{F9260780-443A-4CEA-86D1-A55D32A211E1}"
EndProject
Project("{F2A71F9B-5D33-465A-A702-920D77279786}") = "RunnerFs", "RunnerFs\RunnerFs.fsproj", "{C0B3D9BA-3E6F-4940-88BE-3809B7E41B80}"
EndProject
Global
	GlobalSection(SolutionConfigurationPlatforms) = preSolution
		Debug|Any CPU = Debug|Any CPU
		Release|Any CPU = Release|Any CPU
	EndGlobalSection
	GlobalSection(ProjectConfigurationPlatforms) = postSolution
		{EE105206-92F9-40C0-9558-47D764ADBE09}.Debug|Any CPU.ActiveCfg = Debug|Any CPU
		{EE105206-92F9-40C0-9558-47D764ADBE09}.Debug|Any CPU.Build.0 = Debug|Any CPU
		{EE105206-92F9-40C0-9558-47D764ADBE09}.Release|Any CPU.ActiveCfg = Release|Any CPU
		{EE105206-92F9-40C0-9558-47D764ADBE09}.Release|Any CPU.Build.0 = Release|Any CPU
		{F9260780-443A-4CEA-86D1-A55D32A211E1}.Debug|Any CPU.ActiveCfg = Debug|Any CPU
		{F9260780-443A-4CEA-86D1-A55D32A211E1}.Debug|Any CPU.Build.0 = Debug|Any CPU
		{F9260780-443A-4CEA-86D1-A55D32A211E1}.Release|Any CPU.ActiveCfg = Release|Any CPU
		{F9260780-443A-4CEA-86D1-A55D32A211E1}.Release|Any CPU.Build.0 = Release|Any CPU
		{C0B3D9BA-3E6F-4940-88BE-3809B7E41B80}.Debug|Any CPU.ActiveCfg = Debug|Any CPU
		{C0B3D9BA-3E6F-4940-88BE-3809B7E41B80}.Debug|Any CPU.Build.0 = Debug|Any CPU
		{C0B3D9BA-3E6F-4940-88BE-3809B7E41B80}.Release|Any CPU.ActiveCfg = Release|Any CPU
		{C0B3D9BA-3E6F-4940-88BE-3809B7E41B80}.Release|Any CPU.Build.0 = Release|Any CPU
	EndGlobalSection
EndGlobal
